{
  "name": "react_native_map_practice",
  "version": "0.0.1",
  "lockfileVersion": 1,
  "requires": true,
  "dependencies": {
    "@types/geojson": {
      "version": "7946.0.8",
      "resolved": "https://registry.npmjs.org/@types/geojson/-/geojson-7946.0.8.tgz",
      "integrity": "sha512-1rkryxURpr6aWP7R786/UQOkJ3PcpQiWkAXBmdWc7ryFWqN6a4xfK7BtjXvFBKO9LjQ+MWQSWxYeZX1OApnArA=="
    },
    "react-native-maps": {
      "version": "0.29.3",
      "resolved": "https://registry.npmjs.org/react-native-maps/-/react-native-maps-0.29.3.tgz",
      "integrity": "sha512-742ipC71NdGHXmrCHPY9SEGDuKoSx2l0RMC1W9WXe/jd6+Eg5OllRBcR6Y+ORnzvuYZrd0Hj6q6bK3QR5ZL8sA==",
      "requires": {
        "@types/geojson": "^7946.0.7"
      }
    }
  }
}
